
Microsoft Visual Studio Solution File, Format Version 12.00
# Visual Studio Version 16
VisualStudioVersion = 16.0.29009.5
MinimumVisualStudioVersion = 10.0.40219.1
Project("{FAE04EC0-301F-11D3-BF4B-00C04F79EFBC}") = "Tubes", "Tubes.csproj", "{F252B25C-89D7-40C9-9DC6-9EE61D176D06}"
EndProject
Global
	GlobalSection(SolutionConfigurationPlatforms) = preSolution
		Debug|Any CPU = Debug|Any CPU
		Release|Any CPU = Release|Any CPU
	EndGlobalSection
	GlobalSection(ProjectConfigurationPlatforms) = postSolution
		{F252B25C-89D7-40C9-9DC6-9EE61D176D06}.Debug|Any CPU.ActiveCfg = Debug|Any CPU
		{F252B25C-89D7-40C9-9DC6-9EE61D176D06}.Debug|Any CPU.Build.0 = Debug|Any CPU
		{F252B25C-89D7-40C9-9DC6-9EE61D176D06}.Release|Any CPU.ActiveCfg = Release|Any CPU
		{F252B25C-89D7-40C9-9DC6-9EE61D176D06}.Release|Any CPU.Build.0 = Release|Any CPU
	EndGlobalSection
	GlobalSection(SolutionProperties) = preSolution
		HideSolutionNode = FALSE
	EndGlobalSection
	GlobalSection(ExtensibilityGlobals) = postSolution
		SolutionGuid = {BC3F7234-791A-4FD6-BCA9-C6A8C676A2AB}
	EndGlobalSection
EndGlobal
